// !$*UTF8*$!
{
	archiveVersion = 1;
	classes = {
	};
	objectVersion = 56;
	objects = {

/* Begin PBXBuildFile section */
		420040582B36378F00F590D1 /* JsonExtension.swift in Sources */ = {isa = PBXBuildFile; fileRef = 420040572B36378F00F590D1 /* JsonExtension.swift */; };
		4200405A2B363C6B00F590D1 /* Ticket.swift in Sources */ = {isa = PBXBuildFile; fileRef = 420040592B363C6B00F590D1 /* Ticket.swift */; };
		42147B2C2B3517DB0003FA35 /* DestinationCard.swift in Sources */ = {isa = PBXBuildFile; fileRef = 42147B2B2B3517DB0003FA35 /* DestinationCard.swift */; };
		421ADB312B32AEB800BB8322 /* ColorExtension.swift in Sources */ = {isa = PBXBuildFile; fileRef = 421ADB302B32AEB800BB8322 /* ColorExtension.swift */; };
		422080C52B35DF38006B90BE /* DestinationViewModel.swift in Sources */ = {isa = PBXBuildFile; fileRef = 422080C42B35DF38006B90BE /* DestinationViewModel.swift */; };
		4246C6662B3112F00036E8CD /* FirebaseAnalytics in Frameworks */ = {isa = PBXBuildFile; productRef = 4246C6652B3112F00036E8CD /* FirebaseAnalytics */; };
		4246C6682B3112F00036E8CD /* FirebaseAnalyticsOnDeviceConversion in Frameworks */ = {isa = PBXBuildFile; productRef = 4246C6672B3112F00036E8CD /* FirebaseAnalyticsOnDeviceConversion */; };
		4246C66A2B3112F00036E8CD /* FirebaseAnalyticsSwift in Frameworks */ = {isa = PBXBuildFile; productRef = 4246C6692B3112F00036E8CD /* FirebaseAnalyticsSwift */; };
		4246C66C2B3112F00036E8CD /* FirebaseAnalyticsWithoutAdIdSupport in Frameworks */ = {isa = PBXBuildFile; productRef = 4246C66B2B3112F00036E8CD /* FirebaseAnalyticsWithoutAdIdSupport */; };
		4246C66E2B3112F00036E8CD /* FirebaseAppCheck in Frameworks */ = {isa = PBXBuildFile; productRef = 4246C66D2B3112F00036E8CD /* FirebaseAppCheck */; };
		4246C6702B3112F00036E8CD /* FirebaseAppDistribution-Beta in Frameworks */ = {isa = PBXBuildFile; productRef = 4246C66F2B3112F00036E8CD /* FirebaseAppDistribution-Beta */; };
		4246C6722B3112F00036E8CD /* FirebaseAuth in Frameworks */ = {isa = PBXBuildFile; productRef = 4246C6712B3112F00036E8CD /* FirebaseAuth */; };
		4246C6742B3112F00036E8CD /* FirebaseAuthCombine-Community in Frameworks */ = {isa = PBXBuildFile; productRef = 4246C6732B3112F00036E8CD /* FirebaseAuthCombine-Community */; };
		4246C6762B3112F00036E8CD /* FirebaseCrashlytics in Frameworks */ = {isa = PBXBuildFile; productRef = 4246C6752B3112F00036E8CD /* FirebaseCrashlytics */; };
		4246C6782B3112F00036E8CD /* FirebaseDatabase in Frameworks */ = {isa = PBXBuildFile; productRef = 4246C6772B3112F00036E8CD /* FirebaseDatabase */; };
		4246C67A2B3112F00036E8CD /* FirebaseDatabaseSwift in Frameworks */ = {isa = PBXBuildFile; productRef = 4246C6792B3112F00036E8CD /* FirebaseDatabaseSwift */; };
		4246C67C2B3112F00036E8CD /* FirebaseDynamicLinks in Frameworks */ = {isa = PBXBuildFile; productRef = 4246C67B2B3112F00036E8CD /* FirebaseDynamicLinks */; };
		4246C67E2B3112F00036E8CD /* FirebaseFirestore in Frameworks */ = {isa = PBXBuildFile; productRef = 4246C67D2B3112F00036E8CD /* FirebaseFirestore */; };
		4246C6802B3112F00036E8CD /* FirebaseFirestoreCombine-Community in Frameworks */ = {isa = PBXBuildFile; productRef = 4246C67F2B3112F00036E8CD /* FirebaseFirestoreCombine-Community */; };
		4246C6822B3112F00036E8CD /* FirebaseFirestoreSwift in Frameworks */ = {isa = PBXBuildFile; productRef = 4246C6812B3112F00036E8CD /* FirebaseFirestoreSwift */; };
		4246C6842B3112F00036E8CD /* FirebaseFunctions in Frameworks */ = {isa = PBXBuildFile; productRef = 4246C6832B3112F00036E8CD /* FirebaseFunctions */; };
		4246C6862B3112F00036E8CD /* FirebaseFunctionsCombine-Community in Frameworks */ = {isa = PBXBuildFile; productRef = 4246C6852B3112F00036E8CD /* FirebaseFunctionsCombine-Community */; };
		4246C6882B3112F00036E8CD /* FirebaseInAppMessaging-Beta in Frameworks */ = {isa = PBXBuildFile; productRef = 4246C6872B3112F00036E8CD /* FirebaseInAppMessaging-Beta */; };
		4246C68A2B3112F00036E8CD /* FirebaseInAppMessagingSwift-Beta in Frameworks */ = {isa = PBXBuildFile; productRef = 4246C6892B3112F00036E8CD /* FirebaseInAppMessagingSwift-Beta */; };
		4246C68C2B3112F00036E8CD /* FirebaseInstallations in Frameworks */ = {isa = PBXBuildFile; productRef = 4246C68B2B3112F00036E8CD /* FirebaseInstallations */; };
		4246C68E2B3112F00036E8CD /* FirebaseMLModelDownloader in Frameworks */ = {isa = PBXBuildFile; productRef = 4246C68D2B3112F00036E8CD /* FirebaseMLModelDownloader */; };
		4246C6902B3112F00036E8CD /* FirebaseMessaging in Frameworks */ = {isa = PBXBuildFile; productRef = 4246C68F2B3112F00036E8CD /* FirebaseMessaging */; };
		4246C6922B3112F00036E8CD /* FirebasePerformance in Frameworks */ = {isa = PBXBuildFile; productRef = 4246C6912B3112F00036E8CD /* FirebasePerformance */; };
		4246C6942B3112F00036E8CD /* FirebaseRemoteConfig in Frameworks */ = {isa = PBXBuildFile; productRef = 4246C6932B3112F00036E8CD /* FirebaseRemoteConfig */; };
		4246C6962B3112F00036E8CD /* FirebaseRemoteConfigSwift in Frameworks */ = {isa = PBXBuildFile; productRef = 4246C6952B3112F00036E8CD /* FirebaseRemoteConfigSwift */; };
		4246C6982B3112F00036E8CD /* FirebaseStorage in Frameworks */ = {isa = PBXBuildFile; productRef = 4246C6972B3112F00036E8CD /* FirebaseStorage */; };
		4246C69A2B3112F00036E8CD /* FirebaseStorageCombine-Community in Frameworks */ = {isa = PBXBuildFile; productRef = 4246C6992B3112F00036E8CD /* FirebaseStorageCombine-Community */; };
		4246C6A42B3116210036E8CD /* LoginView.swift in Sources */ = {isa = PBXBuildFile; fileRef = 4246C6A32B3116210036E8CD /* LoginView.swift */; };
		4246C6A62B3116750036E8CD /* DestinationView.swift in Sources */ = {isa = PBXBuildFile; fileRef = 4246C6A52B3116750036E8CD /* DestinationView.swift */; };
		4246C6AA2B311A3D0036E8CD /* User.swift in Sources */ = {isa = PBXBuildFile; fileRef = 4246C6A92B311A3D0036E8CD /* User.swift */; };
		4246C6AC2B311A490036E8CD /* Destination.swift in Sources */ = {isa = PBXBuildFile; fileRef = 4246C6AB2B311A490036E8CD /* Destination.swift */; };
		4246C6AE2B311AA60036E8CD /* MainView.swift in Sources */ = {isa = PBXBuildFile; fileRef = 4246C6AD2B311AA60036E8CD /* MainView.swift */; };
		4246C6B02B311E070036E8CD /* MainViewModel.swift in Sources */ = {isa = PBXBuildFile; fileRef = 4246C6AF2B311E070036E8CD /* MainViewModel.swift */; };
		4246C6B22B311E190036E8CD /* LoginViewModel.swift in Sources */ = {isa = PBXBuildFile; fileRef = 4246C6B12B311E190036E8CD /* LoginViewModel.swift */; };
		4259E83D2B3268D3003292F6 /* PlayerColorButton.swift in Sources */ = {isa = PBXBuildFile; fileRef = 4259E83C2B3268D3003292F6 /* PlayerColorButton.swift */; };
		427325012B31FD2700068F53 /* RegisterView.swift in Sources */ = {isa = PBXBuildFile; fileRef = 427325002B31FD2700068F53 /* RegisterView.swift */; };
		427325032B31FDA000068F53 /* RegisterViewModel.swift in Sources */ = {isa = PBXBuildFile; fileRef = 427325022B31FDA000068F53 /* RegisterViewModel.swift */; };
		427325052B31FFF400068F53 /* Header.swift in Sources */ = {isa = PBXBuildFile; fileRef = 427325042B31FFF400068F53 /* Header.swift */; };
		429D5EB22B36A27C00429F26 /* GoogleService-Info.plist in Resources */ = {isa = PBXBuildFile; fileRef = 429D5EB12B36A27C00429F26 /* GoogleService-Info.plist */; };
		42A6A1472B2FC6F30069A897 /* GradientBackground.swift in Sources */ = {isa = PBXBuildFile; fileRef = 42A6A1462B2FC6F30069A897 /* GradientBackground.swift */; };
		42A6A1492B2FC74B0069A897 /* CustomButton.swift in Sources */ = {isa = PBXBuildFile; fileRef = 42A6A1482B2FC74B0069A897 /* CustomButton.swift */; };
		42D9EB8E2B2E0BED00262A45 /* TTRDestinationExtensionApp.swift in Sources */ = {isa = PBXBuildFile; fileRef = 42D9EB8D2B2E0BED00262A45 /* TTRDestinationExtensionApp.swift */; };
		42D9EB922B2E0BED00262A45 /* Item.swift in Sources */ = {isa = PBXBuildFile; fileRef = 42D9EB912B2E0BED00262A45 /* Item.swift */; };
		42D9EB942B2E0BED00262A45 /* Assets.xcassets in Resources */ = {isa = PBXBuildFile; fileRef = 42D9EB932B2E0BED00262A45 /* Assets.xcassets */; };
		42D9EB972B2E0BED00262A45 /* Preview Assets.xcassets in Resources */ = {isa = PBXBuildFile; fileRef = 42D9EB962B2E0BED00262A45 /* Preview Assets.xcassets */; };
		42E73B9C2B369AF100866480 /* PlayerView.swift in Sources */ = {isa = PBXBuildFile; fileRef = 42E73B9B2B369AF100866480 /* PlayerView.swift */; };
		42E73B9E2B369B5900866480 /* PlayerViewModel.swift in Sources */ = {isa = PBXBuildFile; fileRef = 42E73B9D2B369B5900866480 /* PlayerViewModel.swift */; };
/* End PBXBuildFile section */

/* Begin PBXFileReference section */
		420040572B36378F00F590D1 /* JsonExtension.swift */ = {isa = PBXFileReference; lastKnownFileType = sourcecode.swift; path = JsonExtension.swift; sourceTree = "<group>"; };
		420040592B363C6B00F590D1 /* Ticket.swift */ = {isa = PBXFileReference; lastKnownFileType = sourcecode.swift; path = Ticket.swift; sourceTree = "<group>"; };
		42147B2B2B3517DB0003FA35 /* DestinationCard.swift */ = {isa = PBXFileReference; lastKnownFileType = sourcecode.swift; path = DestinationCard.swift; sourceTree = "<group>"; };
		421ADB302B32AEB800BB8322 /* ColorExtension.swift */ = {isa = PBXFileReference; lastKnownFileType = sourcecode.swift; path = ColorExtension.swift; sourceTree = "<group>"; };
		422080C42B35DF38006B90BE /* DestinationViewModel.swift */ = {isa = PBXFileReference; lastKnownFileType = sourcecode.swift; path = DestinationViewModel.swift; sourceTree = "<group>"; };
		4246C6A32B3116210036E8CD /* LoginView.swift */ = {isa = PBXFileReference; lastKnownFileType = sourcecode.swift; path = LoginView.swift; sourceTree = "<group>"; };
		4246C6A52B3116750036E8CD /* DestinationView.swift */ = {isa = PBXFileReference; lastKnownFileType = sourcecode.swift; path = DestinationView.swift; sourceTree = "<group>"; };
		4246C6A92B311A3D0036E8CD /* User.swift */ = {isa = PBXFileReference; lastKnownFileType = sourcecode.swift; path = User.swift; sourceTree = "<group>"; };
		4246C6AB2B311A490036E8CD /* Destination.swift */ = {isa = PBXFileReference; lastKnownFileType = sourcecode.swift; path = Destination.swift; sourceTree = "<group>"; };
		4246C6AD2B311AA60036E8CD /* MainView.swift */ = {isa = PBXFileReference; fileEncoding = 4; lastKnownFileType = sourcecode.swift; path = MainView.swift; sourceTree = "<group>"; };
		4246C6AF2B311E070036E8CD /* MainViewModel.swift */ = {isa = PBXFileReference; lastKnownFileType = sourcecode.swift; path = MainViewModel.swift; sourceTree = "<group>"; };
		4246C6B12B311E190036E8CD /* LoginViewModel.swift */ = {isa = PBXFileReference; lastKnownFileType = sourcecode.swift; path = LoginViewModel.swift; sourceTree = "<group>"; };
		4259E83C2B3268D3003292F6 /* PlayerColorButton.swift */ = {isa = PBXFileReference; lastKnownFileType = sourcecode.swift; path = PlayerColorButton.swift; sourceTree = "<group>"; };
		427325002B31FD2700068F53 /* RegisterView.swift */ = {isa = PBXFileReference; lastKnownFileType = sourcecode.swift; path = RegisterView.swift; sourceTree = "<group>"; };
		427325022B31FDA000068F53 /* RegisterViewModel.swift */ = {isa = PBXFileReference; lastKnownFileType = sourcecode.swift; path = RegisterViewModel.swift; sourceTree = "<group>"; };
		427325042B31FFF400068F53 /* Header.swift */ = {isa = PBXFileReference; lastKnownFileType = sourcecode.swift; path = Header.swift; sourceTree = "<group>"; };
		429D5EB12B36A27C00429F26 /* GoogleService-Info.plist */ = {isa = PBXFileReference; fileEncoding = 4; lastKnownFileType = text.plist.xml; path = "GoogleService-Info.plist"; sourceTree = "<group>"; };
		42A6A1462B2FC6F30069A897 /* GradientBackground.swift */ = {isa = PBXFileReference; lastKnownFileType = sourcecode.swift; path = GradientBackground.swift; sourceTree = "<group>"; };
		42A6A1482B2FC74B0069A897 /* CustomButton.swift */ = {isa = PBXFileReference; lastKnownFileType = sourcecode.swift; path = CustomButton.swift; sourceTree = "<group>"; };
		42D9EB8A2B2E0BED00262A45 /* TTRDestinationExtension.app */ = {isa = PBXFileReference; explicitFileType = wrapper.application; includeInIndex = 0; path = TTRDestinationExtension.app; sourceTree = BUILT_PRODUCTS_DIR; };
		42D9EB8D2B2E0BED00262A45 /* TTRDestinationExtensionApp.swift */ = {isa = PBXFileReference; lastKnownFileType = sourcecode.swift; path = TTRDestinationExtensionApp.swift; sourceTree = "<group>"; };
		42D9EB912B2E0BED00262A45 /* Item.swift */ = {isa = PBXFileReference; lastKnownFileType = sourcecode.swift; path = Item.swift; sourceTree = "<group>"; };
		42D9EB932B2E0BED00262A45 /* Assets.xcassets */ = {isa = PBXFileReference; lastKnownFileType = folder.assetcatalog; path = Assets.xcassets; sourceTree = "<group>"; };
		42D9EB962B2E0BED00262A45 /* Preview Assets.xcassets */ = {isa = PBXFileReference; lastKnownFileType = folder.assetcatalog; path = "Preview Assets.xcassets"; sourceTree = "<group>"; };
		42E73B9B2B369AF100866480 /* PlayerView.swift */ = {isa = PBXFileReference; lastKnownFileType = sourcecode.swift; path = PlayerView.swift; sourceTree = "<group>"; };
		42E73B9D2B369B5900866480 /* PlayerViewModel.swift */ = {isa = PBXFileReference; lastKnownFileType = sourcecode.swift; path = PlayerViewModel.swift; sourceTree = "<group>"; };
/* End PBXFileReference section */

/* Begin PBXFrameworksBuildPhase section */
		42D9EB872B2E0BED00262A45 /* Frameworks */ = {
			isa = PBXFrameworksBuildPhase;
			buildActionMask = 2147483647;
			files = (
				4246C6782B3112F00036E8CD /* FirebaseDatabase in Frameworks */,
				4246C6862B3112F00036E8CD /* FirebaseFunctionsCombine-Community in Frameworks */,
				4246C67E2B3112F00036E8CD /* FirebaseFirestore in Frameworks */,
				4246C66A2B3112F00036E8CD /* FirebaseAnalyticsSwift in Frameworks */,
				4246C6662B3112F00036E8CD /* FirebaseAnalytics in Frameworks */,
				4246C6682B3112F00036E8CD /* FirebaseAnalyticsOnDeviceConversion in Frameworks */,
				4246C68E2B3112F00036E8CD /* FirebaseMLModelDownloader in Frameworks */,
				4246C6822B3112F00036E8CD /* FirebaseFirestoreSwift in Frameworks */,
				4246C66E2B3112F00036E8CD /* FirebaseAppCheck in Frameworks */,
				4246C66C2B3112F00036E8CD /* FirebaseAnalyticsWithoutAdIdSupport in Frameworks */,
				4246C6722B3112F00036E8CD /* FirebaseAuth in Frameworks */,
				4246C6762B3112F00036E8CD /* FirebaseCrashlytics in Frameworks */,
				4246C6962B3112F00036E8CD /* FirebaseRemoteConfigSwift in Frameworks */,
				4246C6882B3112F00036E8CD /* FirebaseInAppMessaging-Beta in Frameworks */,
				4246C67A2B3112F00036E8CD /* FirebaseDatabaseSwift in Frameworks */,
				4246C6842B3112F00036E8CD /* FirebaseFunctions in Frameworks */,
				4246C69A2B3112F00036E8CD /* FirebaseStorageCombine-Community in Frameworks */,
				4246C6942B3112F00036E8CD /* FirebaseRemoteConfig in Frameworks */,
				4246C6702B3112F00036E8CD /* FirebaseAppDistribution-Beta in Frameworks */,
				4246C6742B3112F00036E8CD /* FirebaseAuthCombine-Community in Frameworks */,
				4246C6922B3112F00036E8CD /* FirebasePerformance in Frameworks */,
				4246C68A2B3112F00036E8CD /* FirebaseInAppMessagingSwift-Beta in Frameworks */,
				4246C6982B3112F00036E8CD /* FirebaseStorage in Frameworks */,
				4246C67C2B3112F00036E8CD /* FirebaseDynamicLinks in Frameworks */,
				4246C6802B3112F00036E8CD /* FirebaseFirestoreCombine-Community in Frameworks */,
				4246C6902B3112F00036E8CD /* FirebaseMessaging in Frameworks */,
				4246C68C2B3112F00036E8CD /* FirebaseInstallations in Frameworks */,
			);
			runOnlyForDeploymentPostprocessing = 0;
		};
/* End PBXFrameworksBuildPhase section */

/* Begin PBXGroup section */
		421ADB2F2B32AE7300BB8322 /* Extensions */ = {
			isa = PBXGroup;
			children = (
				421ADB302B32AEB800BB8322 /* ColorExtension.swift */,
				420040572B36378F00F590D1 /* JsonExtension.swift */,
			);
			path = Extensions;
			sourceTree = "<group>";
		};
		4246C69D2B31148B0036E8CD /* Views */ = {
			isa = PBXGroup;
			children = (
				4246C6AD2B311AA60036E8CD /* MainView.swift */,
				4246C6A32B3116210036E8CD /* LoginView.swift */,
				4246C6A52B3116750036E8CD /* DestinationView.swift */,
				427325002B31FD2700068F53 /* RegisterView.swift */,
				42E73B9B2B369AF100866480 /* PlayerView.swift */,
				4246C6A22B3114E90036E8CD /* Components */,
			);
			path = Views;
			sourceTree = "<group>";
		};
		4246C69E2B3114990036E8CD /* ViewModels */ = {
			isa = PBXGroup;
			children = (
				4246C6AF2B311E070036E8CD /* MainViewModel.swift */,
				4246C6B12B311E190036E8CD /* LoginViewModel.swift */,
				427325022B31FDA000068F53 /* RegisterViewModel.swift */,
				422080C42B35DF38006B90BE /* DestinationViewModel.swift */,
				42E73B9D2B369B5900866480 /* PlayerViewModel.swift */,
			);
			path = ViewModels;
			sourceTree = "<group>";
		};
		4246C69F2B3114A30036E8CD /* Models */ = {
			isa = PBXGroup;
			children = (
				42D9EB912B2E0BED00262A45 /* Item.swift */,
				4246C6A92B311A3D0036E8CD /* User.swift */,
				4246C6AB2B311A490036E8CD /* Destination.swift */,
				420040592B363C6B00F590D1 /* Ticket.swift */,
			);
			path = Models;
			sourceTree = "<group>";
		};
		4246C6A12B3114DA0036E8CD /* Other */ = {
			isa = PBXGroup;
			children = (
				429D5EB12B36A27C00429F26 /* GoogleService-Info.plist */,
				42D9EB8D2B2E0BED00262A45 /* TTRDestinationExtensionApp.swift */,
			);
			path = Other;
			sourceTree = "<group>";
		};
		4246C6A22B3114E90036E8CD /* Components */ = {
			isa = PBXGroup;
			children = (
				42A6A1462B2FC6F30069A897 /* GradientBackground.swift */,
				42A6A1482B2FC74B0069A897 /* CustomButton.swift */,
				427325042B31FFF400068F53 /* Header.swift */,
				4259E83C2B3268D3003292F6 /* PlayerColorButton.swift */,
				42147B2B2B3517DB0003FA35 /* DestinationCard.swift */,
			);
			path = Components;
			sourceTree = "<group>";
		};
		42D9EB812B2E0BED00262A45 = {
			isa = PBXGroup;
			children = (
				42D9EB8C2B2E0BED00262A45 /* TTRDestinationExtension */,
				42D9EB8B2B2E0BED00262A45 /* Products */,
			);
			sourceTree = "<group>";
		};
		42D9EB8B2B2E0BED00262A45 /* Products */ = {
			isa = PBXGroup;
			children = (
				42D9EB8A2B2E0BED00262A45 /* TTRDestinationExtension.app */,
			);
			name = Products;
			sourceTree = "<group>";
		};
		42D9EB8C2B2E0BED00262A45 /* TTRDestinationExtension */ = {
			isa = PBXGroup;
			children = (
				421ADB2F2B32AE7300BB8322 /* Extensions */,
				4246C6A12B3114DA0036E8CD /* Other */,
				4246C69F2B3114A30036E8CD /* Models */,
				4246C69E2B3114990036E8CD /* ViewModels */,
				4246C69D2B31148B0036E8CD /* Views */,
				42D9EB932B2E0BED00262A45 /* Assets.xcassets */,
				42D9EB952B2E0BED00262A45 /* Preview Content */,
			);
			path = TTRDestinationExtension;
			sourceTree = "<group>";
		};
		42D9EB952B2E0BED00262A45 /* Preview Content */ = {
			isa = PBXGroup;
			children = (
				42D9EB962B2E0BED00262A45 /* Preview Assets.xcassets */,
			);
			path = "Preview Content";
			sourceTree = "<group>";
		};
/* End PBXGroup section */

/* Begin PBXNativeTarget section */
		42D9EB892B2E0BED00262A45 /* TTRDestinationExtension */ = {
			isa = PBXNativeTarget;
			buildConfigurationList = 42D9EB9A2B2E0BED00262A45 /* Build configuration list for PBXNativeTarget "TTRDestinationExtension" */;
			buildPhases = (
				42D9EB862B2E0BED00262A45 /* Sources */,
				42D9EB872B2E0BED00262A45 /* Frameworks */,
				42D9EB882B2E0BED00262A45 /* Resources */,
			);
			buildRules = (
			);
			dependencies = (
			);
			name = TTRDestinationExtension;
			packageProductDependencies = (
				4246C6652B3112F00036E8CD /* FirebaseAnalytics */,
				4246C6672B3112F00036E8CD /* FirebaseAnalyticsOnDeviceConversion */,
				4246C6692B3112F00036E8CD /* FirebaseAnalyticsSwift */,
				4246C66B2B3112F00036E8CD /* FirebaseAnalyticsWithoutAdIdSupport */,
				4246C66D2B3112F00036E8CD /* FirebaseAppCheck */,
				4246C66F2B3112F00036E8CD /* FirebaseAppDistribution-Beta */,
				4246C6712B3112F00036E8CD /* FirebaseAuth */,
				4246C6732B3112F00036E8CD /* FirebaseAuthCombine-Community */,
				4246C6752B3112F00036E8CD /* FirebaseCrashlytics */,
				4246C6772B3112F00036E8CD /* FirebaseDatabase */,
				4246C6792B3112F00036E8CD /* FirebaseDatabaseSwift */,
				4246C67B2B3112F00036E8CD /* FirebaseDynamicLinks */,
				4246C67D2B3112F00036E8CD /* FirebaseFirestore */,
				4246C67F2B3112F00036E8CD /* FirebaseFirestoreCombine-Community */,
				4246C6812B3112F00036E8CD /* FirebaseFirestoreSwift */,
				4246C6832B3112F00036E8CD /* FirebaseFunctions */,
				4246C6852B3112F00036E8CD /* FirebaseFunctionsCombine-Community */,
				4246C6872B3112F00036E8CD /* FirebaseInAppMessaging-Beta */,
				4246C6892B3112F00036E8CD /* FirebaseInAppMessagingSwift-Beta */,
				4246C68B2B3112F00036E8CD /* FirebaseInstallations */,
				4246C68D2B3112F00036E8CD /* FirebaseMLModelDownloader */,
				4246C68F2B3112F00036E8CD /* FirebaseMessaging */,
				4246C6912B3112F00036E8CD /* FirebasePerformance */,
				4246C6932B3112F00036E8CD /* FirebaseRemoteConfig */,
				4246C6952B3112F00036E8CD /* FirebaseRemoteConfigSwift */,
				4246C6972B3112F00036E8CD /* FirebaseStorage */,
				4246C6992B3112F00036E8CD /* FirebaseStorageCombine-Community */,
			);
			productName = TTRDestinationExtension;
			productReference = 42D9EB8A2B2E0BED00262A45 /* TTRDestinationExtension.app */;
			productType = "com.apple.product-type.application";
		};
/* End PBXNativeTarget section */

/* Begin PBXProject section */
		42D9EB822B2E0BED00262A45 /* Project object */ = {
			isa = PBXProject;
			attributes = {
				BuildIndependentTargetsInParallel = 1;
				LastSwiftUpdateCheck = 1500;
				LastUpgradeCheck = 1500;
				TargetAttributes = {
					42D9EB892B2E0BED00262A45 = {
						CreatedOnToolsVersion = 15.0.1;
					};
				};
			};
			buildConfigurationList = 42D9EB852B2E0BED00262A45 /* Build configuration list for PBXProject "TTRDestinationExtension" */;
			compatibilityVersion = "Xcode 14.0";
			developmentRegion = en;
			hasScannedForEncodings = 0;
			knownRegions = (
				en,
				Base,
			);
			mainGroup = 42D9EB812B2E0BED00262A45;
			packageReferences = (
				4246C6642B3112F00036E8CD /* XCRemoteSwiftPackageReference "firebase-ios-sdk" */,
			);
			productRefGroup = 42D9EB8B2B2E0BED00262A45 /* Products */;
			projectDirPath = "";
			projectRoot = "";
			targets = (
				42D9EB892B2E0BED00262A45 /* TTRDestinationExtension */,
			);
		};
/* End PBXProject section */

/* Begin PBXResourcesBuildPhase section */
		42D9EB882B2E0BED00262A45 /* Resources */ = {
			isa = PBXResourcesBuildPhase;
			buildActionMask = 2147483647;
			files = (
				42D9EB972B2E0BED00262A45 /* Preview Assets.xcassets in Resources */,
				429D5EB22B36A27C00429F26 /* GoogleService-Info.plist in Resources */,
				42D9EB942B2E0BED00262A45 /* Assets.xcassets in Resources */,
			);
			runOnlyForDeploymentPostprocessing = 0;
		};
/* End PBXResourcesBuildPhase section */

/* Begin PBXSourcesBuildPhase section */
		42D9EB862B2E0BED00262A45 /* Sources */ = {
			isa = PBXSourcesBuildPhase;
			buildActionMask = 2147483647;
			files = (
				4246C6A42B3116210036E8CD /* LoginView.swift in Sources */,
				427325012B31FD2700068F53 /* RegisterView.swift in Sources */,
				4246C6AC2B311A490036E8CD /* Destination.swift in Sources */,
				4246C6A62B3116750036E8CD /* DestinationView.swift in Sources */,
				42A6A1472B2FC6F30069A897 /* GradientBackground.swift in Sources */,
				42147B2C2B3517DB0003FA35 /* DestinationCard.swift in Sources */,
				421ADB312B32AEB800BB8322 /* ColorExtension.swift in Sources */,
				4246C6AA2B311A3D0036E8CD /* User.swift in Sources */,
				4246C6AE2B311AA60036E8CD /* MainView.swift in Sources */,
				42E73B9C2B369AF100866480 /* PlayerView.swift in Sources */,
				42D9EB922B2E0BED00262A45 /* Item.swift in Sources */,
				427325032B31FDA000068F53 /* RegisterViewModel.swift in Sources */,
				4259E83D2B3268D3003292F6 /* PlayerColorButton.swift in Sources */,
				420040582B36378F00F590D1 /* JsonExtension.swift in Sources */,
				427325052B31FFF400068F53 /* Header.swift in Sources */,
				4246C6B22B311E190036E8CD /* LoginViewModel.swift in Sources */,
				422080C52B35DF38006B90BE /* DestinationViewModel.swift in Sources */,
				42D9EB8E2B2E0BED00262A45 /* TTRDestinationExtensionApp.swift in Sources */,
				42A6A1492B2FC74B0069A897 /* CustomButton.swift in Sources */,
				4200405A2B363C6B00F590D1 /* Ticket.swift in Sources */,
				4246C6B02B311E070036E8CD /* MainViewModel.swift in Sources */,
				42E73B9E2B369B5900866480 /* PlayerViewModel.swift in Sources */,
			);
			runOnlyForDeploymentPostprocessing = 0;
		};
/* End PBXSourcesBuildPhase section */

/* Begin XCBuildConfiguration section */
		42D9EB982B2E0BED00262A45 /* Debug */ = {
			isa = XCBuildConfiguration;
			buildSettings = {
				ALWAYS_SEARCH_USER_PATHS = NO;
				ASSETCATALOG_COMPILER_GENERATE_SWIFT_ASSET_SYMBOL_EXTENSIONS = YES;
				CLANG_ANALYZER_NONNULL = YES;
				CLANG_ANALYZER_NUMBER_OBJECT_CONVERSION = YES_AGGRESSIVE;
				CLANG_CXX_LANGUAGE_STANDARD = "gnu++20";
				CLANG_ENABLE_MODULES = YES;
				CLANG_ENABLE_OBJC_ARC = YES;
				CLANG_ENABLE_OBJC_WEAK = YES;
				CLANG_WARN_BLOCK_CAPTURE_AUTORELEASING = YES;
				CLANG_WARN_BOOL_CONVERSION = YES;
				CLANG_WARN_COMMA = YES;
				CLANG_WARN_CONSTANT_CONVERSION = YES;
				CLANG_WARN_DEPRECATED_OBJC_IMPLEMENTATIONS = YES;
				CLANG_WARN_DIRECT_OBJC_ISA_USAGE = YES_ERROR;
				CLANG_WARN_DOCUMENTATION_COMMENTS = YES;
				CLANG_WARN_EMPTY_BODY = YES;
				CLANG_WARN_ENUM_CONVERSION = YES;
				CLANG_WARN_INFINITE_RECURSION = YES;
				CLANG_WARN_INT_CONVERSION = YES;
				CLANG_WARN_NON_LITERAL_NULL_CONVERSION = YES;
				CLANG_WARN_OBJC_IMPLICIT_RETAIN_SELF = YES;
				CLANG_WARN_OBJC_LITERAL_CONVERSION = YES;
				CLANG_WARN_OBJC_ROOT_CLASS = YES_ERROR;
				CLANG_WARN_QUOTED_INCLUDE_IN_FRAMEWORK_HEADER = YES;
				CLANG_WARN_RANGE_LOOP_ANALYSIS = YES;
				CLANG_WARN_STRICT_PROTOTYPES = YES;
				CLANG_WARN_SUSPICIOUS_MOVE = YES;
				CLANG_WARN_UNGUARDED_AVAILABILITY = YES_AGGRESSIVE;
				CLANG_WARN_UNREACHABLE_CODE = YES;
				CLANG_WARN__DUPLICATE_METHOD_MATCH = YES;
				COPY_PHASE_STRIP = NO;
				DEBUG_INFORMATION_FORMAT = dwarf;
				ENABLE_STRICT_OBJC_MSGSEND = YES;
				ENABLE_TESTABILITY = YES;
				ENABLE_USER_SCRIPT_SANDBOXING = YES;
				GCC_C_LANGUAGE_STANDARD = gnu17;
				GCC_DYNAMIC_NO_PIC = NO;
				GCC_NO_COMMON_BLOCKS = YES;
				GCC_OPTIMIZATION_LEVEL = 0;
				GCC_PREPROCESSOR_DEFINITIONS = (
					"DEBUG=1",
					"$(inherited)",
				);
				GCC_WARN_64_TO_32_BIT_CONVERSION = YES;
				GCC_WARN_ABOUT_RETURN_TYPE = YES_ERROR;
				GCC_WARN_UNDECLARED_SELECTOR = YES;
				GCC_WARN_UNINITIALIZED_AUTOS = YES_AGGRESSIVE;
				GCC_WARN_UNUSED_FUNCTION = YES;
				GCC_WARN_UNUSED_VARIABLE = YES;
				IPHONEOS_DEPLOYMENT_TARGET = 17.0;
				LOCALIZATION_PREFERS_STRING_CATALOGS = YES;
				MTL_ENABLE_DEBUG_INFO = INCLUDE_SOURCE;
				MTL_FAST_MATH = YES;
				ONLY_ACTIVE_ARCH = YES;
				SDKROOT = iphoneos;
				SWIFT_ACTIVE_COMPILATION_CONDITIONS = "DEBUG $(inherited)";
				SWIFT_OPTIMIZATION_LEVEL = "-Onone";
			};
			name = Debug;
		};
		42D9EB992B2E0BED00262A45 /* Release */ = {
			isa = XCBuildConfiguration;
			buildSettings = {
				ALWAYS_SEARCH_USER_PATHS = NO;
				ASSETCATALOG_COMPILER_GENERATE_SWIFT_ASSET_SYMBOL_EXTENSIONS = YES;
				CLANG_ANALYZER_NONNULL = YES;
				CLANG_ANALYZER_NUMBER_OBJECT_CONVERSION = YES_AGGRESSIVE;
				CLANG_CXX_LANGUAGE_STANDARD = "gnu++20";
				CLANG_ENABLE_MODULES = YES;
				CLANG_ENABLE_OBJC_ARC = YES;
				CLANG_ENABLE_OBJC_WEAK = YES;
				CLANG_WARN_BLOCK_CAPTURE_AUTORELEASING = YES;
				CLANG_WARN_BOOL_CONVERSION = YES;
				CLANG_WARN_COMMA = YES;
				CLANG_WARN_CONSTANT_CONVERSION = YES;
				CLANG_WARN_DEPRECATED_OBJC_IMPLEMENTATIONS = YES;
				CLANG_WARN_DIRECT_OBJC_ISA_USAGE = YES_ERROR;
				CLANG_WARN_DOCUMENTATION_COMMENTS = YES;
				CLANG_WARN_EMPTY_BODY = YES;
				CLANG_WARN_ENUM_CONVERSION = YES;
				CLANG_WARN_INFINITE_RECURSION = YES;
				CLANG_WARN_INT_CONVERSION = YES;
				CLANG_WARN_NON_LITERAL_NULL_CONVERSION = YES;
				CLANG_WARN_OBJC_IMPLICIT_RETAIN_SELF = YES;
				CLANG_WARN_OBJC_LITERAL_CONVERSION = YES;
				CLANG_WARN_OBJC_ROOT_CLASS = YES_ERROR;
				CLANG_WARN_QUOTED_INCLUDE_IN_FRAMEWORK_HEADER = YES;
				CLANG_WARN_RANGE_LOOP_ANALYSIS = YES;
				CLANG_WARN_STRICT_PROTOTYPES = YES;
				CLANG_WARN_SUSPICIOUS_MOVE = YES;
				CLANG_WARN_UNGUARDED_AVAILABILITY = YES_AGGRESSIVE;
				CLANG_WARN_UNREACHABLE_CODE = YES;
				CLANG_WARN__DUPLICATE_METHOD_MATCH = YES;
				COPY_PHASE_STRIP = NO;
				DEBUG_INFORMATION_FORMAT = "dwarf-with-dsym";
				ENABLE_NS_ASSERTIONS = NO;
				ENABLE_STRICT_OBJC_MSGSEND = YES;
				ENABLE_USER_SCRIPT_SANDBOXING = YES;
				GCC_C_LANGUAGE_STANDARD = gnu17;
				GCC_NO_COMMON_BLOCKS = YES;
				GCC_WARN_64_TO_32_BIT_CONVERSION = YES;
				GCC_WARN_ABOUT_RETURN_TYPE = YES_ERROR;
				GCC_WARN_UNDECLARED_SELECTOR = YES;
				GCC_WARN_UNINITIALIZED_AUTOS = YES_AGGRESSIVE;
				GCC_WARN_UNUSED_FUNCTION = YES;
				GCC_WARN_UNUSED_VARIABLE = YES;
				IPHONEOS_DEPLOYMENT_TARGET = 17.0;
				LOCALIZATION_PREFERS_STRING_CATALOGS = YES;
				MTL_ENABLE_DEBUG_INFO = NO;
				MTL_FAST_MATH = YES;
				SDKROOT = iphoneos;
				SWIFT_COMPILATION_MODE = wholemodule;
				VALIDATE_PRODUCT = YES;
			};
			name = Release;
		};
		42D9EB9B2B2E0BED00262A45 /* Debug */ = {
			isa = XCBuildConfiguration;
			buildSettings = {
				ASSETCATALOG_COMPILER_APPICON_NAME = AppIcon;
				ASSETCATALOG_COMPILER_GLOBAL_ACCENT_COLOR_NAME = AccentColor;
				CODE_SIGN_STYLE = Automatic;
				CURRENT_PROJECT_VERSION = 1;
				DEVELOPMENT_ASSET_PATHS = "\"TTRDestinationExtension/Preview Content\"";
				ENABLE_PREVIEWS = YES;
				GENERATE_INFOPLIST_FILE = YES;
				INFOPLIST_KEY_CFBundleDisplayName = "TTR Extension";
				INFOPLIST_KEY_LSApplicationCategoryType = "public.app-category.board-games";
				INFOPLIST_KEY_UIApplicationSceneManifest_Generation = YES;
				INFOPLIST_KEY_UIApplicationSupportsIndirectInputEvents = YES;
				INFOPLIST_KEY_UILaunchScreen_Generation = YES;
				INFOPLIST_KEY_UIStatusBarHidden = NO;
				INFOPLIST_KEY_UIStatusBarStyle = "";
				INFOPLIST_KEY_UISupportedInterfaceOrientations = UIInterfaceOrientationPortrait;
				IPHONEOS_DEPLOYMENT_TARGET = 17.0;
				LD_RUNPATH_SEARCH_PATHS = (
					"$(inherited)",
					"@executable_path/Frameworks",
				);
				MARKETING_VERSION = 1.0;
				PRODUCT_BUNDLE_IDENTIFIER = com.parsak.TTRDestinationExtension;
				PRODUCT_NAME = "$(TARGET_NAME)";
				SWIFT_EMIT_LOC_STRINGS = YES;
				SWIFT_VERSION = 5.0;
				TARGETED_DEVICE_FAMILY = "1,2";
			};
			name = Debug;
		};
		42D9EB9C2B2E0BED00262A45 /* Release */ = {
			isa = XCBuildConfiguration;
			buildSettings = {
				ASSETCATALOG_COMPILER_APPICON_NAME = AppIcon;
				ASSETCATALOG_COMPILER_GLOBAL_ACCENT_COLOR_NAME = AccentColor;
				CODE_SIGN_STYLE = Automatic;
				CURRENT_PROJECT_VERSION = 1;
				DEVELOPMENT_ASSET_PATHS = "\"TTRDestinationExtension/Preview Content\"";
				ENABLE_PREVIEWS = YES;
				GENERATE_INFOPLIST_FILE = YES;
				INFOPLIST_KEY_CFBundleDisplayName = "TTR Extension";
				INFOPLIST_KEY_LSApplicationCategoryType = "public.app-category.board-games";
				INFOPLIST_KEY_UIApplicationSceneManifest_Generation = YES;
				INFOPLIST_KEY_UIApplicationSupportsIndirectInputEvents = YES;
				INFOPLIST_KEY_UILaunchScreen_Generation = YES;
				INFOPLIST_KEY_UIStatusBarHidden = NO;
				INFOPLIST_KEY_UIStatusBarStyle = "";
				INFOPLIST_KEY_UISupportedInterfaceOrientations = UIInterfaceOrientationPortrait;
				IPHONEOS_DEPLOYMENT_TARGET = 17.0;
				LD_RUNPATH_SEARCH_PATHS = (
					"$(inherited)",
					"@executable_path/Frameworks",
				);
				MARKETING_VERSION = 1.0;
				PRODUCT_BUNDLE_IDENTIFIER = com.parsak.TTRDestinationExtension;
				PRODUCT_NAME = "$(TARGET_NAME)";
				SWIFT_EMIT_LOC_STRINGS = YES;
				SWIFT_VERSION = 5.0;
				TARGETED_DEVICE_FAMILY = "1,2";
			};
			name = Release;
		};
/* End XCBuildConfiguration section */

/* Begin XCConfigurationList section */
		42D9EB852B2E0BED00262A45 /* Build configuration list for PBXProject "TTRDestinationExtension" */ = {
			isa = XCConfigurationList;
			buildConfigurations = (
				42D9EB982B2E0BED00262A45 /* Debug */,
				42D9EB992B2E0BED00262A45 /* Release */,
			);
			defaultConfigurationIsVisible = 0;
			defaultConfigurationName = Release;
		};
		42D9EB9A2B2E0BED00262A45 /* Build configuration list for PBXNativeTarget "TTRDestinationExtension" */ = {
			isa = XCConfigurationList;
			buildConfigurations = (
				42D9EB9B2B2E0BED00262A45 /* Debug */,
				42D9EB9C2B2E0BED00262A45 /* Release */,
			);
			defaultConfigurationIsVisible = 0;
			defaultConfigurationName = Release;
		};
/* End XCConfigurationList section */

/* Begin XCRemoteSwiftPackageReference section */
		4246C6642B3112F00036E8CD /* XCRemoteSwiftPackageReference "firebase-ios-sdk" */ = {
			isa = XCRemoteSwiftPackageReference;
			repositoryURL = "https://github.com/firebase/firebase-ios-sdk";
			requirement = {
				kind = upToNextMajorVersion;
				minimumVersion = 10.19.1;
			};
		};
/* End XCRemoteSwiftPackageReference section */

/* Begin XCSwiftPackageProductDependency section */
		4246C6652B3112F00036E8CD /* FirebaseAnalytics */ = {
			isa = XCSwiftPackageProductDependency;
			package = 4246C6642B3112F00036E8CD /* XCRemoteSwiftPackageReference "firebase-ios-sdk" */;
			productName = FirebaseAnalytics;
		};
		4246C6672B3112F00036E8CD /* FirebaseAnalyticsOnDeviceConversion */ = {
			isa = XCSwiftPackageProductDependency;
			package = 4246C6642B3112F00036E8CD /* XCRemoteSwiftPackageReference "firebase-ios-sdk" */;
			productName = FirebaseAnalyticsOnDeviceConversion;
		};
		4246C6692B3112F00036E8CD /* FirebaseAnalyticsSwift */ = {
			isa = XCSwiftPackageProductDependency;
			package = 4246C6642B3112F00036E8CD /* XCRemoteSwiftPackageReference "firebase-ios-sdk" */;
			productName = FirebaseAnalyticsSwift;
		};
		4246C66B2B3112F00036E8CD /* FirebaseAnalyticsWithoutAdIdSupport */ = {
			isa = XCSwiftPackageProductDependency;
			package = 4246C6642B3112F00036E8CD /* XCRemoteSwiftPackageReference "firebase-ios-sdk" */;
			productName = FirebaseAnalyticsWithoutAdIdSupport;
		};
		4246C66D2B3112F00036E8CD /* FirebaseAppCheck */ = {
			isa = XCSwiftPackageProductDependency;
			package = 4246C6642B3112F00036E8CD /* XCRemoteSwiftPackageReference "firebase-ios-sdk" */;
			productName = FirebaseAppCheck;
		};
		4246C66F2B3112F00036E8CD /* FirebaseAppDistribution-Beta */ = {
			isa = XCSwiftPackageProductDependency;
			package = 4246C6642B3112F00036E8CD /* XCRemoteSwiftPackageReference "firebase-ios-sdk" */;
			productName = "FirebaseAppDistribution-Beta";
		};
		4246C6712B3112F00036E8CD /* FirebaseAuth */ = {
			isa = XCSwiftPackageProductDependency;
			package = 4246C6642B3112F00036E8CD /* XCRemoteSwiftPackageReference "firebase-ios-sdk" */;
			productName = FirebaseAuth;
		};
		4246C6732B3112F00036E8CD /* FirebaseAuthCombine-Community */ = {
			isa = XCSwiftPackageProductDependency;
			package = 4246C6642B3112F00036E8CD /* XCRemoteSwiftPackageReference "firebase-ios-sdk" */;
			productName = "FirebaseAuthCombine-Community";
		};
		4246C6752B3112F00036E8CD /* FirebaseCrashlytics */ = {
			isa = XCSwiftPackageProductDependency;
			package = 4246C6642B3112F00036E8CD /* XCRemoteSwiftPackageReference "firebase-ios-sdk" */;
			productName = FirebaseCrashlytics;
		};
		4246C6772B3112F00036E8CD /* FirebaseDatabase */ = {
			isa = XCSwiftPackageProductDependency;
			package = 4246C6642B3112F00036E8CD /* XCRemoteSwiftPackageReference "firebase-ios-sdk" */;
			productName = FirebaseDatabase;
		};
		4246C6792B3112F00036E8CD /* FirebaseDatabaseSwift */ = {
			isa = XCSwiftPackageProductDependency;
			package = 4246C6642B3112F00036E8CD /* XCRemoteSwiftPackageReference "firebase-ios-sdk" */;
			productName = FirebaseDatabaseSwift;
		};
		4246C67B2B3112F00036E8CD /* FirebaseDynamicLinks */ = {
			isa = XCSwiftPackageProductDependency;
			package = 4246C6642B3112F00036E8CD /* XCRemoteSwiftPackageReference "firebase-ios-sdk" */;
			productName = FirebaseDynamicLinks;
		};
		4246C67D2B3112F00036E8CD /* FirebaseFirestore */ = {
			isa = XCSwiftPackageProductDependency;
			package = 4246C6642B3112F00036E8CD /* XCRemoteSwiftPackageReference "firebase-ios-sdk" */;
			productName = FirebaseFirestore;
		};
		4246C67F2B3112F00036E8CD /* FirebaseFirestoreCombine-Community */ = {
			isa = XCSwiftPackageProductDependency;
			package = 4246C6642B3112F00036E8CD /* XCRemoteSwiftPackageReference "firebase-ios-sdk" */;
			productName = "FirebaseFirestoreCombine-Community";
		};
		4246C6812B3112F00036E8CD /* FirebaseFirestoreSwift */ = {
			isa = XCSwiftPackageProductDependency;
			package = 4246C6642B3112F00036E8CD /* XCRemoteSwiftPackageReference "firebase-ios-sdk" */;
			productName = FirebaseFirestoreSwift;
		};
		4246C6832B3112F00036E8CD /* FirebaseFunctions */ = {
			isa = XCSwiftPackageProductDependency;
			package = 4246C6642B3112F00036E8CD /* XCRemoteSwiftPackageReference "firebase-ios-sdk" */;
			productName = FirebaseFunctions;
		};
		4246C6852B3112F00036E8CD /* FirebaseFunctionsCombine-Community */ = {
			isa = XCSwiftPackageProductDependency;
			package = 4246C6642B3112F00036E8CD /* XCRemoteSwiftPackageReference "firebase-ios-sdk" */;
			productName = "FirebaseFunctionsCombine-Community";
		};
		4246C6872B3112F00036E8CD /* FirebaseInAppMessaging-Beta */ = {
			isa = XCSwiftPackageProductDependency;
			package = 4246C6642B3112F00036E8CD /* XCRemoteSwiftPackageReference "firebase-ios-sdk" */;
			productName = "FirebaseInAppMessaging-Beta";
		};
		4246C6892B3112F00036E8CD /* FirebaseInAppMessagingSwift-Beta */ = {
			isa = XCSwiftPackageProductDependency;
			package = 4246C6642B3112F00036E8CD /* XCRemoteSwiftPackageReference "firebase-ios-sdk" */;
			productName = "FirebaseInAppMessagingSwift-Beta";
		};
		4246C68B2B3112F00036E8CD /* FirebaseInstallations */ = {
			isa = XCSwiftPackageProductDependency;
			package = 4246C6642B3112F00036E8CD /* XCRemoteSwiftPackageReference "firebase-ios-sdk" */;
			productName = FirebaseInstallations;
		};
		4246C68D2B3112F00036E8CD /* FirebaseMLModelDownloader */ = {
			isa = XCSwiftPackageProductDependency;
			package = 4246C6642B3112F00036E8CD /* XCRemoteSwiftPackageReference "firebase-ios-sdk" */;
			productName = FirebaseMLModelDownloader;
		};
		4246C68F2B3112F00036E8CD /* FirebaseMessaging */ = {
			isa = XCSwiftPackageProductDependency;
			package = 4246C6642B3112F00036E8CD /* XCRemoteSwiftPackageReference "firebase-ios-sdk" */;
			productName = FirebaseMessaging;
		};
		4246C6912B3112F00036E8CD /* FirebasePerformance */ = {
			isa = XCSwiftPackageProductDependency;
			package = 4246C6642B3112F00036E8CD /* XCRemoteSwiftPackageReference "firebase-ios-sdk" */;
			productName = FirebasePerformance;
		};
		4246C6932B3112F00036E8CD /* FirebaseRemoteConfig */ = {
			isa = XCSwiftPackageProductDependency;
			package = 4246C6642B3112F00036E8CD /* XCRemoteSwiftPackageReference "firebase-ios-sdk" */;
			productName = FirebaseRemoteConfig;
		};
		4246C6952B3112F00036E8CD /* FirebaseRemoteConfigSwift */ = {
			isa = XCSwiftPackageProductDependency;
			package = 4246C6642B3112F00036E8CD /* XCRemoteSwiftPackageReference "firebase-ios-sdk" */;
			productName = FirebaseRemoteConfigSwift;
		};
		4246C6972B3112F00036E8CD /* FirebaseStorage */ = {
			isa = XCSwiftPackageProductDependency;
			package = 4246C6642B3112F00036E8CD /* XCRemoteSwiftPackageReference "firebase-ios-sdk" */;
			productName = FirebaseStorage;
		};
		4246C6992B3112F00036E8CD /* FirebaseStorageCombine-Community */ = {
			isa = XCSwiftPackageProductDependency;
			package = 4246C6642B3112F00036E8CD /* XCRemoteSwiftPackageReference "firebase-ios-sdk" */;
			productName = "FirebaseStorageCombine-Community";
		};
/* End XCSwiftPackageProductDependency section */
	};
	rootObject = 42D9EB822B2E0BED00262A45 /* Project object */;
}
